// !$*UTF8*$!
{
	archiveVersion = 1;
	classes = {
	};
	objectVersion = 50;
	objects = {

/* Begin PBXBuildFile section */
		C83D0B3F2078B9E9001815BA /* AppDelegate.swift in Sources */ = {isa = PBXBuildFile; fileRef = C83D0B3E2078B9E9001815BA /* AppDelegate.swift */; };
		C83D0B412078B9E9001815BA /* ViewController.swift in Sources */ = {isa = PBXBuildFile; fileRef = C83D0B402078B9E9001815BA /* ViewController.swift */; };
		C83D0B442078B9E9001815BA /* Main.storyboard in Resources */ = {isa = PBXBuildFile; fileRef = C83D0B422078B9E9001815BA /* Main.storyboard */; };
		C83D0B462078B9E9001815BA /* Assets.xcassets in Resources */ = {isa = PBXBuildFile; fileRef = C83D0B452078B9E9001815BA /* Assets.xcassets */; };
		C83D0B492078B9E9001815BA /* LaunchScreen.storyboard in Resources */ = {isa = PBXBuildFile; fileRef = C83D0B472078B9E9001815BA /* LaunchScreen.storyboard */; };
		C83D0B532078C1E0001815BA /* ReactiveSwift.framework in Frameworks */ = {isa = PBXBuildFile; fileRef = C83D0B512078C1E0001815BA /* ReactiveSwift.framework */; };
		C83D0B542078C1E0001815BA /* Result.framework in Frameworks */ = {isa = PBXBuildFile; fileRef = C83D0B522078C1E0001815BA /* Result.framework */; };
		C83D0B592078FD8E001815BA /* Pantry.swift in Sources */ = {isa = PBXBuildFile; fileRef = C83D0B582078FD8E001815BA /* Pantry.swift */; };
/* End PBXBuildFile section */

/* Begin PBXFileReference section */
		C83D0B3B2078B9E9001815BA /* ReactiveSwiftObserveProperty.app */ = {isa = PBXFileReference; explicitFileType = wrapper.application; includeInIndex = 0; path = ReactiveSwiftObserveProperty.app; sourceTree = BUILT_PRODUCTS_DIR; };
		C83D0B3E2078B9E9001815BA /* AppDelegate.swift */ = {isa = PBXFileReference; lastKnownFileType = sourcecode.swift; path = AppDelegate.swift; sourceTree = "<group>"; };
		C83D0B402078B9E9001815BA /* ViewController.swift */ = {isa = PBXFileReference; lastKnownFileType = sourcecode.swift; path = ViewController.swift; sourceTree = "<group>"; };
		C83D0B432078B9E9001815BA /* Base */ = {isa = PBXFileReference; lastKnownFileType = file.storyboard; name = Base; path = Base.lproj/Main.storyboard; sourceTree = "<group>"; };
		C83D0B452078B9E9001815BA /* Assets.xcassets */ = {isa = PBXFileReference; lastKnownFileType = folder.assetcatalog; path = Assets.xcassets; sourceTree = "<group>"; };
		C83D0B482078B9E9001815BA /* Base */ = {isa = PBXFileReference; lastKnownFileType = file.storyboard; name = Base; path = Base.lproj/LaunchScreen.storyboard; sourceTree = "<group>"; };
		C83D0B4A2078B9E9001815BA /* Info.plist */ = {isa = PBXFileReference; lastKnownFileType = text.plist.xml; path = Info.plist; sourceTree = "<group>"; };
		C83D0B512078C1E0001815BA /* ReactiveSwift.framework */ = {isa = PBXFileReference; lastKnownFileType = wrapper.framework; name = ReactiveSwift.framework; path = Carthage/Build/iOS/ReactiveSwift.framework; sourceTree = "<group>"; };
		C83D0B522078C1E0001815BA /* Result.framework */ = {isa = PBXFileReference; lastKnownFileType = wrapper.framework; name = Result.framework; path = Carthage/Build/iOS/Result.framework; sourceTree = "<group>"; };
		C83D0B582078FD8E001815BA /* Pantry.swift */ = {isa = PBXFileReference; lastKnownFileType = sourcecode.swift; path = Pantry.swift; sourceTree = "<group>"; };
/* End PBXFileReference section */

/* Begin PBXFrameworksBuildPhase section */
		C83D0B382078B9E9001815BA /* Frameworks */ = {
			isa = PBXFrameworksBuildPhase;
			buildActionMask = 2147483647;
			files = (
				C83D0B532078C1E0001815BA /* ReactiveSwift.framework in Frameworks */,
				C83D0B542078C1E0001815BA /* Result.framework in Frameworks */,
			);
			runOnlyForDeploymentPostprocessing = 0;
		};
/* End PBXFrameworksBuildPhase section */

/* Begin PBXGroup section */
		C83D0B322078B9E8001815BA = {
			isa = PBXGroup;
			children = (
				C83D0B3D2078B9E9001815BA /* ReactiveSwiftObserveProperty */,
				C83D0B3C2078B9E9001815BA /* Products */,
				C83D0B502078C1E0001815BA /* Frameworks */,
			);
			sourceTree = "<group>";
		};
		C83D0B3C2078B9E9001815BA /* Products */ = {
			isa = PBXGroup;
			children = (
				C83D0B3B2078B9E9001815BA /* ReactiveSwiftObserveProperty.app */,
			);
			name = Products;
			sourceTree = "<group>";
		};
		C83D0B3D2078B9E9001815BA /* ReactiveSwiftObserveProperty */ = {
			isa = PBXGroup;
			children = (
				C83D0B3E2078B9E9001815BA /* AppDelegate.swift */,
				C83D0B402078B9E9001815BA /* ViewController.swift */,
				C83D0B582078FD8E001815BA /* Pantry.swift */,
				C83D0B422078B9E9001815BA /* Main.storyboard */,
				C83D0B452078B9E9001815BA /* Assets.xcassets */,
				C83D0B472078B9E9001815BA /* LaunchScreen.storyboard */,
				C83D0B4A2078B9E9001815BA /* Info.plist */,
			);
			path = ReactiveSwiftObserveProperty;
			sourceTree = "<group>";
		};
		C83D0B502078C1E0001815BA /* Frameworks */ = {
			isa = PBXGroup;
			children = (
				C83D0B512078C1E0001815BA /* ReactiveSwift.framework */,
				C83D0B522078C1E0001815BA /* Result.framework */,
			);
			name = Frameworks;
			sourceTree = "<group>";
		};
/* End PBXGroup section */

/* Begin PBXNativeTarget section */
		C83D0B3A2078B9E9001815BA /* ReactiveSwiftObserveProperty */ = {
			isa = PBXNativeTarget;
			buildConfigurationList = C83D0B4D2078B9E9001815BA /* Build configuration list for PBXNativeTarget "ReactiveSwiftObserveProperty" */;
			buildPhases = (
				C83D0B372078B9E9001815BA /* Sources */,
				C83D0B382078B9E9001815BA /* Frameworks */,
				C83D0B392078B9E9001815BA /* Resources */,
				C83D0B552078C22B001815BA /* Copy Carthage Frameworks */,
			);
			buildRules = (
			);
			dependencies = (
			);
			name = ReactiveSwiftObserveProperty;
			productName = ReactiveSwiftObserveProperty;
			productReference = C83D0B3B2078B9E9001815BA /* ReactiveSwiftObserveProperty.app */;
			productType = "com.apple.product-type.application";
		};
/* End PBXNativeTarget section */

/* Begin PBXProject section */
		C83D0B332078B9E8001815BA /* Project object */ = {
			isa = PBXProject;
			attributes = {
				LastSwiftUpdateCheck = 0930;
				LastUpgradeCheck = 0930;
				ORGANIZATIONNAME = "Augmented Code";
				TargetAttributes = {
					C83D0B3A2078B9E9001815BA = {
						CreatedOnToolsVersion = 9.3;
					};
				};
			};
			buildConfigurationList = C83D0B362078B9E8001815BA /* Build configuration list for PBXProject "ReactiveSwiftObserveProperty" */;
			compatibilityVersion = "Xcode 9.3";
			developmentRegion = en;
			hasScannedForEncodings = 0;
			knownRegions = (
				en,
				Base,
			);
			mainGroup = C83D0B322078B9E8001815BA;
			productRefGroup = C83D0B3C2078B9E9001815BA /* Products */;
			projectDirPath = "";
			projectRoot = "";
			targets = (
				C83D0B3A2078B9E9001815BA /* ReactiveSwiftObserveProperty */,
			);
		};
/* End PBXProject section */

/* Begin PBXResourcesBuildPhase section */
		C83D0B392078B9E9001815BA /* Resources */ = {
			isa = PBXResourcesBuildPhase;
			buildActionMask = 2147483647;
			files = (
				C83D0B492078B9E9001815BA /* LaunchScreen.storyboard in Resources */,
				C83D0B462078B9E9001815BA /* Assets.xcassets in Resources */,
				C83D0B442078B9E9001815BA /* Main.storyboard in Resources */,
			);
			runOnlyForDeploymentPostprocessing = 0;
		};
/* End PBXResourcesBuildPhase section */

/* Begin PBXShellScriptBuildPhase section */
		C83D0B552078C22B001815BA /* Copy Carthage Frameworks */ = {
			isa = PBXShellScriptBuildPhase;
			buildActionMask = 2147483647;
			files = (
			);
			inputPaths = (
				"$(SRCROOT)/Carthage/Build/iOS/Result.framework",
				"$(SRCROOT)/Carthage/Build/iOS/ReactiveSwift.framework",
			);
			name = "Copy Carthage Frameworks";
			outputPaths = (
				"$(BUILT_PRODUCTS_DIR)/$(FRAMEWORKS_FOLDER_PATH)/Result.framework",
				"$(BUILT_PRODUCTS_DIR)/$(FRAMEWORKS_FOLDER_PATH)/ReactiveSwift.framework",
			);
			runOnlyForDeploymentPostprocessing = 0;
			shellPath = /bin/sh;
			shellScript = "/usr/local/bin/carthage copy-frameworks";
		};
/* End PBXShellScriptBuildPhase section */

/* Begin PBXSourcesBuildPhase section */
		C83D0B372078B9E9001815BA /* Sources */ = {
			isa = PBXSourcesBuildPhase;
			buildActionMask = 2147483647;
			files = (
				C83D0B592078FD8E001815BA /* Pantry.swift in Sources */,
				C83D0B412078B9E9001815BA /* ViewController.swift in Sources */,
				C83D0B3F2078B9E9001815BA /* AppDelegate.swift in Sources */,
			);
			runOnlyForDeploymentPostprocessing = 0;
		};
/* End PBXSourcesBuildPhase section */

/* Begin PBXVariantGroup section */
		C83D0B422078B9E9001815BA /* Main.storyboard */ = {
			isa = PBXVariantGroup;
			children = (
				C83D0B432078B9E9001815BA /* Base */,
			);
			name = Main.storyboard;
			sourceTree = "<group>";
		};
		C83D0B472078B9E9001815BA /* LaunchScreen.storyboard */ = {
			isa = PBXVariantGroup;
			children = (
				C83D0B482078B9E9001815BA /* Base */,
			);
			name = LaunchScreen.storyboard;
			sourceTree = "<group>";
		};
/* End PBXVariantGroup section */

/* Begin XCBuildConfiguration section */
		C83D0B4B2078B9E9001815BA /* Debug */ = {
			isa = XCBuildConfiguration;
			buildSettings = {
				ALWAYS_SEARCH_USER_PATHS = NO;
				CLANG_ANALYZER_NONNULL = YES;
				CLANG_ANALYZER_NUMBER_OBJECT_CONVERSION = YES_AGGRESSIVE;
				CLANG_CXX_LANGUAGE_STANDARD = "gnu++14";
				CLANG_CXX_LIBRARY = "libc++";
				CLANG_ENABLE_MODULES = YES;
				CLANG_ENABLE_OBJC_ARC = YES;
				CLANG_ENABLE_OBJC_WEAK = YES;
				CLANG_WARN_BLOCK_CAPTURE_AUTORELEASING = YES;
				CLANG_WARN_BOOL_CONVERSION = YES;
				CLANG_WARN_COMMA = YES;
				CLANG_WARN_CONSTANT_CONVERSION = YES;
				CLANG_WARN_DEPRECATED_OBJC_IMPLEMENTATIONS = YES;
				CLANG_WARN_DIRECT_OBJC_ISA_USAGE = YES_ERROR;
				CLANG_WARN_DOCUMENTATION_COMMENTS = YES;
				CLANG_WARN_EMPTY_BODY = YES;
				CLANG_WARN_ENUM_CONVERSION = YES;
				CLANG_WARN_INFINITE_RECURSION = YES;
				CLANG_WARN_INT_CONVERSION = YES;
				CLANG_WARN_NON_LITERAL_NULL_CONVERSION = YES;
				CLANG_WARN_OBJC_IMPLICIT_RETAIN_SELF = YES;
				CLANG_WARN_OBJC_LITERAL_CONVERSION = YES;
				CLANG_WARN_OBJC_ROOT_CLASS = YES_ERROR;
				CLANG_WARN_RANGE_LOOP_ANALYSIS = YES;
				CLANG_WARN_STRICT_PROTOTYPES = YES;
				CLANG_WARN_SUSPICIOUS_MOVE = YES;
				CLANG_WARN_UNGUARDED_AVAILABILITY = YES_AGGRESSIVE;
				CLANG_WARN_UNREACHABLE_CODE = YES;
				CLANG_WARN__DUPLICATE_METHOD_MATCH = YES;
				CODE_SIGN_IDENTITY = "iPhone Developer";
				COPY_PHASE_STRIP = NO;
				DEBUG_INFORMATION_FORMAT = dwarf;
				ENABLE_STRICT_OBJC_MSGSEND = YES;
				ENABLE_TESTABILITY = YES;
				GCC_C_LANGUAGE_STANDARD = gnu11;
				GCC_DYNAMIC_NO_PIC = NO;
				GCC_NO_COMMON_BLOCKS = YES;
				GCC_OPTIMIZATION_LEVEL = 0;
				GCC_PREPROCESSOR_DEFINITIONS = (
					"DEBUG=1",
					"$(inherited)",
				);
				GCC_WARN_64_TO_32_BIT_CONVERSION = YES;
				GCC_WARN_ABOUT_RETURN_TYPE = YES_ERROR;
				GCC_WARN_UNDECLARED_SELECTOR = YES;
				GCC_WARN_UNINITIALIZED_AUTOS = YES_AGGRESSIVE;
				GCC_WARN_UNUSED_FUNCTION = YES;
				GCC_WARN_UNUSED_VARIABLE = YES;
				IPHONEOS_DEPLOYMENT_TARGET = 11.3;
				MTL_ENABLE_DEBUG_INFO = YES;
				ONLY_ACTIVE_ARCH = YES;
				SDKROOT = iphoneos;
				SWIFT_ACTIVE_COMPILATION_CONDITIONS = DEBUG;
				SWIFT_OPTIMIZATION_LEVEL = "-Onone";
			};
			name = Debug;
		};
		C83D0B4C2078B9E9001815BA /* Release */ = {
			isa = XCBuildConfiguration;
			buildSettings = {
				ALWAYS_SEARCH_USER_PATHS = NO;
				CLANG_ANALYZER_NONNULL = YES;
				CLANG_ANALYZER_NUMBER_OBJECT_CONVERSION = YES_AGGRESSIVE;
				CLANG_CXX_LANGUAGE_STANDARD = "gnu++14";
				CLANG_CXX_LIBRARY = "libc++";
				CLANG_ENABLE_MODULES = YES;
				CLANG_ENABLE_OBJC_ARC = YES;
				CLANG_ENABLE_OBJC_WEAK = YES;
				CLANG_WARN_BLOCK_CAPTURE_AUTORELEASING = YES;
				CLANG_WARN_BOOL_CONVERSION = YES;
				CLANG_WARN_COMMA = YES;
				CLANG_WARN_CONSTANT_CONVERSION = YES;
				CLANG_WARN_DEPRECATED_OBJC_IMPLEMENTATIONS = YES;
				CLANG_WARN_DIRECT_OBJC_ISA_USAGE = YES_ERROR;
				CLANG_WARN_DOCUMENTATION_COMMENTS = YES;
				CLANG_WARN_EMPTY_BODY = YES;
				CLANG_WARN_ENUM_CONVERSION = YES;
				CLANG_WARN_INFINITE_RECURSION = YES;
				CLANG_WARN_INT_CONVERSION = YES;
				CLANG_WARN_NON_LITERAL_NULL_CONVERSION = YES;
				CLANG_WARN_OBJC_IMPLICIT_RETAIN_SELF = YES;
				CLANG_WARN_OBJC_LITERAL_CONVERSION = YES;
				CLANG_WARN_OBJC_ROOT_CLASS = YES_ERROR;
				CLANG_WARN_RANGE_LOOP_ANALYSIS = YES;
				CLANG_WARN_STRICT_PROTOTYPES = YES;
				CLANG_WARN_SUSPICIOUS_MOVE = YES;
				CLANG_WARN_UNGUARDED_AVAILABILITY = YES_AGGRESSIVE;
				CLANG_WARN_UNREACHABLE_CODE = YES;
				CLANG_WARN__DUPLICATE_METHOD_MATCH = YES;
				CODE_SIGN_IDENTITY = "iPhone Developer";
				COPY_PHASE_STRIP = NO;
				DEBUG_INFORMATION_FORMAT = "dwarf-with-dsym";
				ENABLE_NS_ASSERTIONS = NO;
				ENABLE_STRICT_OBJC_MSGSEND = YES;
				GCC_C_LANGUAGE_STANDARD = gnu11;
				GCC_NO_COMMON_BLOCKS = YES;
				GCC_WARN_64_TO_32_BIT_CONVERSION = YES;
				GCC_WARN_ABOUT_RETURN_TYPE = YES_ERROR;
				GCC_WARN_UNDECLARED_SELECTOR = YES;
				GCC_WARN_UNINITIALIZED_AUTOS = YES_AGGRESSIVE;
				GCC_WARN_UNUSED_FUNCTION = YES;
				GCC_WARN_UNUSED_VARIABLE = YES;
				IPHONEOS_DEPLOYMENT_TARGET = 11.3;
				MTL_ENABLE_DEBUG_INFO = NO;
				SDKROOT = iphoneos;
				SWIFT_COMPILATION_MODE = wholemodule;
				SWIFT_OPTIMIZATION_LEVEL = "-O";
				VALIDATE_PRODUCT = YES;
			};
			name = Release;
		};
		C83D0B4E2078B9E9001815BA /* Debug */ = {
			isa = XCBuildConfiguration;
			buildSettings = {
				ASSETCATALOG_COMPILER_APPICON_NAME = AppIcon;
				CODE_SIGN_STYLE = Automatic;
				DEVELOPMENT_TEAM = XJPC47UM3W;
				FRAMEWORK_SEARCH_PATHS = (
					"$(inherited)",
					"$(PROJECT_DIR)/Carthage/Build/iOS",
				);
				INFOPLIST_FILE = ReactiveSwiftObserveProperty/Info.plist;
				LD_RUNPATH_SEARCH_PATHS = (
					"$(inherited)",
					"@executable_path/Frameworks",
				);
				PRODUCT_BUNDLE_IDENTIFIER = com.augmentedcode.ReactiveSwiftObserveProperty;
				PRODUCT_NAME = "$(TARGET_NAME)";
				SWIFT_VERSION = 4.0;
				TARGETED_DEVICE_FAMILY = "1,2";
			};
			name = Debug;
		};
		C83D0B4F2078B9E9001815BA /* Release */ = {
			isa = XCBuildConfiguration;
			buildSettings = {
				ASSETCATALOG_COMPILER_APPICON_NAME = AppIcon;
				CODE_SIGN_STYLE = Automatic;
				DEVELOPMENT_TEAM = XJPC47UM3W;
				FRAMEWORK_SEARCH_PATHS = (
					"$(inherited)",
					"$(PROJECT_DIR)/Carthage/Build/iOS",
				);
				INFOPLIST_FILE = ReactiveSwiftObserveProperty/Info.plist;
				LD_RUNPATH_SEARCH_PATHS = (
					"$(inherited)",
					"@executable_path/Frameworks",
				);
				PRODUCT_BUNDLE_IDENTIFIER = com.augmentedcode.ReactiveSwiftObserveProperty;
				PRODUCT_NAME = "$(TARGET_NAME)";
				SWIFT_VERSION = 4.0;
				TARGETED_DEVICE_FAMILY = "1,2";
			};
			name = Release;
		};
/* End XCBuildConfiguration section */

/* Begin XCConfigurationList section */
		C83D0B362078B9E8001815BA /* Build configuration list for PBXProject "ReactiveSwiftObserveProperty" */ = {
			isa = XCConfigurationList;
			buildConfigurations = (
				C83D0B4B2078B9E9001815BA /* Debug */,
				C83D0B4C2078B9E9001815BA /* Release */,
			);
			defaultConfigurationIsVisible = 0;
			defaultConfigurationName = Release;
		};
		C83D0B4D2078B9E9001815BA /* Build configuration list for PBXNativeTarget "ReactiveSwiftObserveProperty" */ = {
			isa = XCConfigurationList;
			buildConfigurations = (
				C83D0B4E2078B9E9001815BA /* Debug */,
				C83D0B4F2078B9E9001815BA /* Release */,
			);
			defaultConfigurationIsVisible = 0;
			defaultConfigurationName = Release;
		};
/* End XCConfigurationList section */
	};
	rootObject = C83D0B332078B9E8001815BA /* Project object */;
}
